
Microsoft Visual Studio Solution File, Format Version 12.00
Project("{FAE04EC0-301F-11D3-BF4B-00C04F79EFBC}") = "RowyRandomizer", "RowyRandomizer.csproj", "{7F93C89A-6623-4C9A-AEF7-D42659DDDC69}"
EndProject
Global
	GlobalSection(SolutionConfigurationPlatforms) = preSolution
		Debug|Any CPU = Debug|Any CPU
		Release|Any CPU = Release|Any CPU
	EndGlobalSection
	GlobalSection(ProjectConfigurationPlatforms) = postSolution
		{7F93C89A-6623-4C9A-AEF7-D42659DDDC69}.Debug|Any CPU.ActiveCfg = Debug|Any CPU
		{7F93C89A-6623-4C9A-AEF7-D42659DDDC69}.Debug|Any CPU.Build.0 = Debug|Any CPU
		{7F93C89A-6623-4C9A-AEF7-D42659DDDC69}.Release|Any CPU.ActiveCfg = Release|Any CPU
		{7F93C89A-6623-4C9A-AEF7-D42659DDDC69}.Release|Any CPU.Build.0 = Release|Any CPU
	EndGlobalSection
EndGlobal
